
Microsoft Visual Studio Solution File, Format Version 12.00
# Visual Studio Version 17
VisualStudioVersion = 17.5.33530.505
MinimumVisualStudioVersion = 10.0.40219.1
Project("{FAE04EC0-301F-11D3-BF4B-00C04F79EFBC}") = "Hello", "Hello\Hello.csproj", "{ED013905-972B-4821-B7A5-272D0121899E}"
EndProject
Global
	GlobalSection(SolutionConfigurationPlatforms) = preSolution
		Debug|Any CPU = Debug|Any CPU
		Release|Any CPU = Release|Any CPU
	EndGlobalSection
	GlobalSection(ProjectConfigurationPlatforms) = postSolution
		{ED013905-972B-4821-B7A5-272D0121899E}.Debug|Any CPU.ActiveCfg = Debug|Any CPU
		{ED013905-972B-4821-B7A5-272D0121899E}.Debug|Any CPU.Build.0 = Debug|Any CPU
		{ED013905-972B-4821-B7A5-272D0121899E}.Release|Any CPU.ActiveCfg = Release|Any CPU
		{ED013905-972B-4821-B7A5-272D0121899E}.Release|Any CPU.Build.0 = Release|Any CPU
	EndGlobalSection
	GlobalSection(SolutionProperties) = preSolution
		HideSolutionNode = FALSE
	EndGlobalSection
	GlobalSection(ExtensibilityGlobals) = postSolution
		SolutionGuid = {622BF5E1-C1F2-4FA8-A9CC-145CC1921A20}
	EndGlobalSection
EndGlobal
